
Microsoft Visual Studio Solution File, Format Version 12.00
# Visual Studio Version 16
VisualStudioVersion = 16.0.32106.194
MinimumVisualStudioVersion = 10.0.40219.1
Project("{FAE04EC0-301F-11D3-BF4B-00C04F79EFBC}") = "MvcApp", "MvcApp.csproj", "{AC742E6D-EFE6-4239-BC71-79F7E160FEB8}"
EndProject
Global
	GlobalSection(SolutionConfigurationPlatforms) = preSolution
		Debug|Any CPU = Debug|Any CPU
		Release|Any CPU = Release|Any CPU
	EndGlobalSection
	GlobalSection(ProjectConfigurationPlatforms) = postSolution
		{AC742E6D-EFE6-4239-BC71-79F7E160FEB8}.Debug|Any CPU.ActiveCfg = Debug|Any CPU
		{AC742E6D-EFE6-4239-BC71-79F7E160FEB8}.Debug|Any CPU.Build.0 = Debug|Any CPU
		{AC742E6D-EFE6-4239-BC71-79F7E160FEB8}.Release|Any CPU.ActiveCfg = Release|Any CPU
		{AC742E6D-EFE6-4239-BC71-79F7E160FEB8}.Release|Any CPU.Build.0 = Release|Any CPU
	EndGlobalSection
	GlobalSection(SolutionProperties) = preSolution
		HideSolutionNode = FALSE
	EndGlobalSection
	GlobalSection(ExtensibilityGlobals) = postSolution
		SolutionGuid = {3B09F847-C891-4B4A-9E2A-E619FAD6C99F}
	EndGlobalSection
EndGlobal
